
Microsoft Visual Studio Solution File, Format Version 12.00
# Visual Studio Version 17
VisualStudioVersion = 17.3.32825.248
MinimumVisualStudioVersion = 10.0.40219.1
Project("{FAE04EC0-301F-11D3-BF4B-00C04F79EFBC}") = "PasswordCheck", "PasswordCheck\PasswordCheck.csproj", "{4028A7E1-CA7B-4319-8C8A-513244627FF5}"
EndProject
Global
	GlobalSection(SolutionConfigurationPlatforms) = preSolution
		Debug|Any CPU = Debug|Any CPU
		Release|Any CPU = Release|Any CPU
	EndGlobalSection
	GlobalSection(ProjectConfigurationPlatforms) = postSolution
		{4028A7E1-CA7B-4319-8C8A-513244627FF5}.Debug|Any CPU.ActiveCfg = Debug|Any CPU
		{4028A7E1-CA7B-4319-8C8A-513244627FF5}.Debug|Any CPU.Build.0 = Debug|Any CPU
		{4028A7E1-CA7B-4319-8C8A-513244627FF5}.Release|Any CPU.ActiveCfg = Release|Any CPU
		{4028A7E1-CA7B-4319-8C8A-513244627FF5}.Release|Any CPU.Build.0 = Release|Any CPU
	EndGlobalSection
	GlobalSection(SolutionProperties) = preSolution
		HideSolutionNode = FALSE
	EndGlobalSection
	GlobalSection(ExtensibilityGlobals) = postSolution
		SolutionGuid = {8EC649B0-337F-4DFF-8F5C-38B1BE96CD6D}
	EndGlobalSection
EndGlobal
